// !$*UTF8*$!
{
	archiveVersion = 1;
	classes = {
	};
	objectVersion = 56;
	objects = {

/* Begin PBXBuildFile section */
		166A06EF2A6A2690004D6E4B /* PlacedetailView.swift in Sources */ = {isa = PBXBuildFile; fileRef = 166A06EE2A6A2690004D6E4B /* PlacedetailView.swift */; };
		1685E4B92A6A18EA008F5FE7 /* ExploreView.swift in Sources */ = {isa = PBXBuildFile; fileRef = 1685E4B82A6A18EA008F5FE7 /* ExploreView.swift */; };
		1685E4CC2A6A1D87008F5FE7 /* SF-Pro-Text-Ultralight.otf in Resources */ = {isa = PBXBuildFile; fileRef = 1685E4BA2A6A1D84008F5FE7 /* SF-Pro-Text-Ultralight.otf */; };
		1685E4CD2A6A1D87008F5FE7 /* SF-Pro-Text-Black.otf in Resources */ = {isa = PBXBuildFile; fileRef = 1685E4BB2A6A1D84008F5FE7 /* SF-Pro-Text-Black.otf */; };
		1685E4CE2A6A1D87008F5FE7 /* SF-Pro-Text-Thin.otf in Resources */ = {isa = PBXBuildFile; fileRef = 1685E4BC2A6A1D84008F5FE7 /* SF-Pro-Text-Thin.otf */; };
		1685E4CF2A6A1D87008F5FE7 /* SF-Pro-Text-ThinItalic.otf in Resources */ = {isa = PBXBuildFile; fileRef = 1685E4BD2A6A1D85008F5FE7 /* SF-Pro-Text-ThinItalic.otf */; };
		1685E4D02A6A1D87008F5FE7 /* SF-Pro-Text-HeavyItalic.otf in Resources */ = {isa = PBXBuildFile; fileRef = 1685E4BE2A6A1D85008F5FE7 /* SF-Pro-Text-HeavyItalic.otf */; };
		1685E4D12A6A1D87008F5FE7 /* SF-Pro-Text-LightItalic.otf in Resources */ = {isa = PBXBuildFile; fileRef = 1685E4BF2A6A1D85008F5FE7 /* SF-Pro-Text-LightItalic.otf */; };
		1685E4D22A6A1D87008F5FE7 /* SF-Pro-Text-Semibold.otf in Resources */ = {isa = PBXBuildFile; fileRef = 1685E4C02A6A1D85008F5FE7 /* SF-Pro-Text-Semibold.otf */; };
		1685E4D32A6A1D87008F5FE7 /* SF-Pro-Text-Regular.otf in Resources */ = {isa = PBXBuildFile; fileRef = 1685E4C12A6A1D85008F5FE7 /* SF-Pro-Text-Regular.otf */; };
		1685E4D42A6A1D87008F5FE7 /* SF-Pro-Text-BlackItalic.otf in Resources */ = {isa = PBXBuildFile; fileRef = 1685E4C22A6A1D85008F5FE7 /* SF-Pro-Text-BlackItalic.otf */; };
		1685E4D52A6A1D87008F5FE7 /* SF-Pro-Text-MediumItalic.otf in Resources */ = {isa = PBXBuildFile; fileRef = 1685E4C32A6A1D85008F5FE7 /* SF-Pro-Text-MediumItalic.otf */; };
		1685E4D62A6A1D87008F5FE7 /* SF-Pro-Text-Bold.otf in Resources */ = {isa = PBXBuildFile; fileRef = 1685E4C42A6A1D86008F5FE7 /* SF-Pro-Text-Bold.otf */; };
		1685E4D72A6A1D87008F5FE7 /* SF-Pro-Text-Light.otf in Resources */ = {isa = PBXBuildFile; fileRef = 1685E4C52A6A1D86008F5FE7 /* SF-Pro-Text-Light.otf */; };
		1685E4D82A6A1D87008F5FE7 /* SF-Pro-Text-Heavy.otf in Resources */ = {isa = PBXBuildFile; fileRef = 1685E4C62A6A1D86008F5FE7 /* SF-Pro-Text-Heavy.otf */; };
		1685E4D92A6A1D87008F5FE7 /* SF-Pro-Text-BoldItalic.otf in Resources */ = {isa = PBXBuildFile; fileRef = 1685E4C72A6A1D86008F5FE7 /* SF-Pro-Text-BoldItalic.otf */; };
		1685E4DA2A6A1D87008F5FE7 /* SF-Pro-Text-Medium.otf in Resources */ = {isa = PBXBuildFile; fileRef = 1685E4C82A6A1D86008F5FE7 /* SF-Pro-Text-Medium.otf */; };
		1685E4DB2A6A1D87008F5FE7 /* SF-Pro-Text-SemiboldItalic.otf in Resources */ = {isa = PBXBuildFile; fileRef = 1685E4C92A6A1D86008F5FE7 /* SF-Pro-Text-SemiboldItalic.otf */; };
		1685E4DC2A6A1D87008F5FE7 /* SF-Pro-Text-UltralightItalic.otf in Resources */ = {isa = PBXBuildFile; fileRef = 1685E4CA2A6A1D86008F5FE7 /* SF-Pro-Text-UltralightItalic.otf */; };
		1685E4DD2A6A1D87008F5FE7 /* SF-Pro-Text-RegularItalic.otf in Resources */ = {isa = PBXBuildFile; fileRef = 1685E4CB2A6A1D87008F5FE7 /* SF-Pro-Text-RegularItalic.otf */; };
		1696421D2A69A1C9000EAE19 /* MainView.swift in Sources */ = {isa = PBXBuildFile; fileRef = 1696421C2A69A1C9000EAE19 /* MainView.swift */; };
		169642322A69A3A6000EAE19 /* SF-Pro-Display-Semibold.otf in Resources */ = {isa = PBXBuildFile; fileRef = 169642202A69A3A5000EAE19 /* SF-Pro-Display-Semibold.otf */; };
		169642332A69A3A6000EAE19 /* SF-Pro-Display-Thin.otf in Resources */ = {isa = PBXBuildFile; fileRef = 169642212A69A3A5000EAE19 /* SF-Pro-Display-Thin.otf */; };
		169642342A69A3A6000EAE19 /* SF-Pro-Display-RegularItalic.otf in Resources */ = {isa = PBXBuildFile; fileRef = 169642222A69A3A5000EAE19 /* SF-Pro-Display-RegularItalic.otf */; };
		169642352A69A3A6000EAE19 /* SF-Pro-Display-Ultralight.otf in Resources */ = {isa = PBXBuildFile; fileRef = 169642232A69A3A5000EAE19 /* SF-Pro-Display-Ultralight.otf */; };
		169642362A69A3A6000EAE19 /* SF-Pro-Display-BlackItalic.otf in Resources */ = {isa = PBXBuildFile; fileRef = 169642242A69A3A5000EAE19 /* SF-Pro-Display-BlackItalic.otf */; };
		169642372A69A3A6000EAE19 /* SF-Pro-Display-MediumItalic.otf in Resources */ = {isa = PBXBuildFile; fileRef = 169642252A69A3A5000EAE19 /* SF-Pro-Display-MediumItalic.otf */; };
		169642382A69A3A6000EAE19 /* SF-Pro-Display-Light.otf in Resources */ = {isa = PBXBuildFile; fileRef = 169642262A69A3A5000EAE19 /* SF-Pro-Display-Light.otf */; };
		169642392A69A3A6000EAE19 /* SF-Pro-Display-Medium.otf in Resources */ = {isa = PBXBuildFile; fileRef = 169642272A69A3A5000EAE19 /* SF-Pro-Display-Medium.otf */; };
		1696423A2A69A3A6000EAE19 /* SF-Pro-Display-Bold.otf in Resources */ = {isa = PBXBuildFile; fileRef = 169642282A69A3A6000EAE19 /* SF-Pro-Display-Bold.otf */; };
		1696423B2A69A3A6000EAE19 /* SF-Pro-Display-HeavyItalic.otf in Resources */ = {isa = PBXBuildFile; fileRef = 169642292A69A3A6000EAE19 /* SF-Pro-Display-HeavyItalic.otf */; };
		1696423C2A69A3A6000EAE19 /* SF-Pro-Display-UltralightItalic.otf in Resources */ = {isa = PBXBuildFile; fileRef = 1696422A2A69A3A6000EAE19 /* SF-Pro-Display-UltralightItalic.otf */; };
		1696423D2A69A3A6000EAE19 /* SF-Pro-Display-LightItalic.otf in Resources */ = {isa = PBXBuildFile; fileRef = 1696422B2A69A3A6000EAE19 /* SF-Pro-Display-LightItalic.otf */; };
		1696423E2A69A3A6000EAE19 /* SF-Pro-Display-Regular.otf in Resources */ = {isa = PBXBuildFile; fileRef = 1696422C2A69A3A6000EAE19 /* SF-Pro-Display-Regular.otf */; };
		1696423F2A69A3A6000EAE19 /* SF-Pro-Display-Black.otf in Resources */ = {isa = PBXBuildFile; fileRef = 1696422D2A69A3A6000EAE19 /* SF-Pro-Display-Black.otf */; };
		169642402A69A3A6000EAE19 /* SF-Pro-Display-ThinItalic.otf in Resources */ = {isa = PBXBuildFile; fileRef = 1696422E2A69A3A6000EAE19 /* SF-Pro-Display-ThinItalic.otf */; };
		169642412A69A3A6000EAE19 /* SF-Pro-Display-SemiboldItalic.otf in Resources */ = {isa = PBXBuildFile; fileRef = 1696422F2A69A3A6000EAE19 /* SF-Pro-Display-SemiboldItalic.otf */; };
		169642422A69A3A6000EAE19 /* SF-Pro-Display-Heavy.otf in Resources */ = {isa = PBXBuildFile; fileRef = 169642302A69A3A6000EAE19 /* SF-Pro-Display-Heavy.otf */; };
		169642432A69A3A6000EAE19 /* SF-Pro-Display-BoldItalic.otf in Resources */ = {isa = PBXBuildFile; fileRef = 169642312A69A3A6000EAE19 /* SF-Pro-Display-BoldItalic.otf */; };
		16AF69F32A68F08700A3C891 /* FoxVoyageApp.swift in Sources */ = {isa = PBXBuildFile; fileRef = 16AF69F22A68F08700A3C891 /* FoxVoyageApp.swift */; };
		16AF69F52A68F08700A3C891 /* ContentView.swift in Sources */ = {isa = PBXBuildFile; fileRef = 16AF69F42A68F08700A3C891 /* ContentView.swift */; };
		16AF69F72A68F08800A3C891 /* Assets.xcassets in Resources */ = {isa = PBXBuildFile; fileRef = 16AF69F62A68F08800A3C891 /* Assets.xcassets */; };
		16AF69FA2A68F08800A3C891 /* Preview Assets.xcassets in Resources */ = {isa = PBXBuildFile; fileRef = 16AF69F92A68F08800A3C891 /* Preview Assets.xcassets */; };
		16AF6A012A68F09C00A3C891 /* .gitignore in Resources */ = {isa = PBXBuildFile; fileRef = 16AF6A002A68F09C00A3C891 /* .gitignore */; };
		16AF6A0B2A68F36A00A3C891 /* Empty.swift in Sources */ = {isa = PBXBuildFile; fileRef = 16AF6A0A2A68F36A00A3C891 /* Empty.swift */; };
		16AF6A0D2A68F37300A3C891 /* Testtt.swift in Sources */ = {isa = PBXBuildFile; fileRef = 16AF6A0C2A68F37300A3C891 /* Testtt.swift */; };
		16AF6A0F2A68F37900A3C891 /* Test.swift in Sources */ = {isa = PBXBuildFile; fileRef = 16AF6A0E2A68F37900A3C891 /* Test.swift */; };
		16AF6A112A68F37F00A3C891 /* TestV.swift in Sources */ = {isa = PBXBuildFile; fileRef = 16AF6A102A68F37F00A3C891 /* TestV.swift */; };
		16AF6A132A68F38400A3C891 /* Views.swift in Sources */ = {isa = PBXBuildFile; fileRef = 16AF6A122A68F38400A3C891 /* Views.swift */; };
		16AF6A152A68F39800A3C891 /* filefile.swift in Sources */ = {isa = PBXBuildFile; fileRef = 16AF6A142A68F39800A3C891 /* filefile.swift */; };
		16BC610B2A6D3B6C002C6859 /* WishlistView.swift in Sources */ = {isa = PBXBuildFile; fileRef = 16BC610A2A6D3B6C002C6859 /* WishlistView.swift */; };
		16BC61112A6D8455002C6859 /* PlaceModel.swift in Sources */ = {isa = PBXBuildFile; fileRef = 16BC61102A6D8455002C6859 /* PlaceModel.swift */; };
		16E0BF5F2A6CE50400B7FBC8 /* MissiondetailView.swift in Sources */ = {isa = PBXBuildFile; fileRef = 16E0BF5E2A6CE50400B7FBC8 /* MissiondetailView.swift */; };
		16E0BF612A6D014E00B7FBC8 /* EmptywishlistView.swift in Sources */ = {isa = PBXBuildFile; fileRef = 16E0BF602A6D014E00B7FBC8 /* EmptywishlistView.swift */; };
		216051F92A6A2B6600301D1E /* LocationAccessView.swift in Sources */ = {isa = PBXBuildFile; fileRef = 216051F82A6A2B6600301D1E /* LocationAccessView.swift */; };
		216051FB2A6B882200301D1E /* InformationNameView.swift in Sources */ = {isa = PBXBuildFile; fileRef = 216051FA2A6B882200301D1E /* InformationNameView.swift */; };
		216052012A6D514E00301D1E /* InformationLocationView.swift in Sources */ = {isa = PBXBuildFile; fileRef = 216052002A6D514E00301D1E /* InformationLocationView.swift */; };
		21A1C00C2A68F91200561254 /* GalleryAccessView.swift in Sources */ = {isa = PBXBuildFile; fileRef = 21A1C00B2A68F91200561254 /* GalleryAccessView.swift */; };
		723DB5972A6FB78A00E3C755 /* LocationManager.swift in Sources */ = {isa = PBXBuildFile; fileRef = 723DB5962A6FB78A00E3C755 /* LocationManager.swift */; };
		723DB59B2A6FC95900E3C755 /* MapViewSelection.swift in Sources */ = {isa = PBXBuildFile; fileRef = 723DB59A2A6FC95900E3C755 /* MapViewSelection.swift */; };
		723DB59D2A6FCCF400E3C755 /* SearchView.swift in Sources */ = {isa = PBXBuildFile; fileRef = 723DB59C2A6FCCF400E3C755 /* SearchView.swift */; };
		723DB59F2A70B4D600E3C755 /* MapViewHelper.swift in Sources */ = {isa = PBXBuildFile; fileRef = 723DB59E2A70B4D600E3C755 /* MapViewHelper.swift */; };
		D7D888C02A6D07F0004F984E /* MissionCards.swift in Sources */ = {isa = PBXBuildFile; fileRef = D7D888BF2A6D07F0004F984E /* MissionCards.swift */; };
		D7D888C22A6D150E004F984E /* HexColor.swift in Sources */ = {isa = PBXBuildFile; fileRef = D7D888C12A6D150E004F984E /* HexColor.swift */; };
/* End PBXBuildFile section */

/* Begin PBXFileReference section */
		166A06EE2A6A2690004D6E4B /* PlacedetailView.swift */ = {isa = PBXFileReference; lastKnownFileType = sourcecode.swift; path = PlacedetailView.swift; sourceTree = "<group>"; };
		1685E4B82A6A18EA008F5FE7 /* ExploreView.swift */ = {isa = PBXFileReference; lastKnownFileType = sourcecode.swift; path = ExploreView.swift; sourceTree = "<group>"; };
		1685E4BA2A6A1D84008F5FE7 /* SF-Pro-Text-Ultralight.otf */ = {isa = PBXFileReference; lastKnownFileType = file; path = "SF-Pro-Text-Ultralight.otf"; sourceTree = "<group>"; };
		1685E4BB2A6A1D84008F5FE7 /* SF-Pro-Text-Black.otf */ = {isa = PBXFileReference; lastKnownFileType = file; path = "SF-Pro-Text-Black.otf"; sourceTree = "<group>"; };
		1685E4BC2A6A1D84008F5FE7 /* SF-Pro-Text-Thin.otf */ = {isa = PBXFileReference; lastKnownFileType = file; path = "SF-Pro-Text-Thin.otf"; sourceTree = "<group>"; };
		1685E4BD2A6A1D85008F5FE7 /* SF-Pro-Text-ThinItalic.otf */ = {isa = PBXFileReference; lastKnownFileType = file; path = "SF-Pro-Text-ThinItalic.otf"; sourceTree = "<group>"; };
		1685E4BE2A6A1D85008F5FE7 /* SF-Pro-Text-HeavyItalic.otf */ = {isa = PBXFileReference; lastKnownFileType = file; path = "SF-Pro-Text-HeavyItalic.otf"; sourceTree = "<group>"; };
		1685E4BF2A6A1D85008F5FE7 /* SF-Pro-Text-LightItalic.otf */ = {isa = PBXFileReference; lastKnownFileType = file; path = "SF-Pro-Text-LightItalic.otf"; sourceTree = "<group>"; };
		1685E4C02A6A1D85008F5FE7 /* SF-Pro-Text-Semibold.otf */ = {isa = PBXFileReference; lastKnownFileType = file; path = "SF-Pro-Text-Semibold.otf"; sourceTree = "<group>"; };
		1685E4C12A6A1D85008F5FE7 /* SF-Pro-Text-Regular.otf */ = {isa = PBXFileReference; lastKnownFileType = file; path = "SF-Pro-Text-Regular.otf"; sourceTree = "<group>"; };
		1685E4C22A6A1D85008F5FE7 /* SF-Pro-Text-BlackItalic.otf */ = {isa = PBXFileReference; lastKnownFileType = file; path = "SF-Pro-Text-BlackItalic.otf"; sourceTree = "<group>"; };
		1685E4C32A6A1D85008F5FE7 /* SF-Pro-Text-MediumItalic.otf */ = {isa = PBXFileReference; lastKnownFileType = file; path = "SF-Pro-Text-MediumItalic.otf"; sourceTree = "<group>"; };
		1685E4C42A6A1D86008F5FE7 /* SF-Pro-Text-Bold.otf */ = {isa = PBXFileReference; lastKnownFileType = file; path = "SF-Pro-Text-Bold.otf"; sourceTree = "<group>"; };
		1685E4C52A6A1D86008F5FE7 /* SF-Pro-Text-Light.otf */ = {isa = PBXFileReference; lastKnownFileType = file; path = "SF-Pro-Text-Light.otf"; sourceTree = "<group>"; };
		1685E4C62A6A1D86008F5FE7 /* SF-Pro-Text-Heavy.otf */ = {isa = PBXFileReference; lastKnownFileType = file; path = "SF-Pro-Text-Heavy.otf"; sourceTree = "<group>"; };
		1685E4C72A6A1D86008F5FE7 /* SF-Pro-Text-BoldItalic.otf */ = {isa = PBXFileReference; lastKnownFileType = file; path = "SF-Pro-Text-BoldItalic.otf"; sourceTree = "<group>"; };
		1685E4C82A6A1D86008F5FE7 /* SF-Pro-Text-Medium.otf */ = {isa = PBXFileReference; lastKnownFileType = file; path = "SF-Pro-Text-Medium.otf"; sourceTree = "<group>"; };
		1685E4C92A6A1D86008F5FE7 /* SF-Pro-Text-SemiboldItalic.otf */ = {isa = PBXFileReference; lastKnownFileType = file; path = "SF-Pro-Text-SemiboldItalic.otf"; sourceTree = "<group>"; };
		1685E4CA2A6A1D86008F5FE7 /* SF-Pro-Text-UltralightItalic.otf */ = {isa = PBXFileReference; lastKnownFileType = file; path = "SF-Pro-Text-UltralightItalic.otf"; sourceTree = "<group>"; };
		1685E4CB2A6A1D87008F5FE7 /* SF-Pro-Text-RegularItalic.otf */ = {isa = PBXFileReference; lastKnownFileType = file; path = "SF-Pro-Text-RegularItalic.otf"; sourceTree = "<group>"; };
		1696421C2A69A1C9000EAE19 /* MainView.swift */ = {isa = PBXFileReference; lastKnownFileType = sourcecode.swift; path = MainView.swift; sourceTree = "<group>"; };
		1696421E2A69A386000EAE19 /* Info.plist */ = {isa = PBXFileReference; lastKnownFileType = text.plist.xml; path = Info.plist; sourceTree = "<group>"; };
		169642202A69A3A5000EAE19 /* SF-Pro-Display-Semibold.otf */ = {isa = PBXFileReference; lastKnownFileType = file; path = "SF-Pro-Display-Semibold.otf"; sourceTree = "<group>"; };
		169642212A69A3A5000EAE19 /* SF-Pro-Display-Thin.otf */ = {isa = PBXFileReference; lastKnownFileType = file; path = "SF-Pro-Display-Thin.otf"; sourceTree = "<group>"; };
		169642222A69A3A5000EAE19 /* SF-Pro-Display-RegularItalic.otf */ = {isa = PBXFileReference; lastKnownFileType = file; path = "SF-Pro-Display-RegularItalic.otf"; sourceTree = "<group>"; };
		169642232A69A3A5000EAE19 /* SF-Pro-Display-Ultralight.otf */ = {isa = PBXFileReference; lastKnownFileType = file; path = "SF-Pro-Display-Ultralight.otf"; sourceTree = "<group>"; };
		169642242A69A3A5000EAE19 /* SF-Pro-Display-BlackItalic.otf */ = {isa = PBXFileReference; lastKnownFileType = file; path = "SF-Pro-Display-BlackItalic.otf"; sourceTree = "<group>"; };
		169642252A69A3A5000EAE19 /* SF-Pro-Display-MediumItalic.otf */ = {isa = PBXFileReference; lastKnownFileType = file; path = "SF-Pro-Display-MediumItalic.otf"; sourceTree = "<group>"; };
		169642262A69A3A5000EAE19 /* SF-Pro-Display-Light.otf */ = {isa = PBXFileReference; lastKnownFileType = file; path = "SF-Pro-Display-Light.otf"; sourceTree = "<group>"; };
		169642272A69A3A5000EAE19 /* SF-Pro-Display-Medium.otf */ = {isa = PBXFileReference; lastKnownFileType = file; path = "SF-Pro-Display-Medium.otf"; sourceTree = "<group>"; };
		169642282A69A3A6000EAE19 /* SF-Pro-Display-Bold.otf */ = {isa = PBXFileReference; lastKnownFileType = file; path = "SF-Pro-Display-Bold.otf"; sourceTree = "<group>"; };
		169642292A69A3A6000EAE19 /* SF-Pro-Display-HeavyItalic.otf */ = {isa = PBXFileReference; lastKnownFileType = file; path = "SF-Pro-Display-HeavyItalic.otf"; sourceTree = "<group>"; };
		1696422A2A69A3A6000EAE19 /* SF-Pro-Display-UltralightItalic.otf */ = {isa = PBXFileReference; lastKnownFileType = file; path = "SF-Pro-Display-UltralightItalic.otf"; sourceTree = "<group>"; };
		1696422B2A69A3A6000EAE19 /* SF-Pro-Display-LightItalic.otf */ = {isa = PBXFileReference; lastKnownFileType = file; path = "SF-Pro-Display-LightItalic.otf"; sourceTree = "<group>"; };
		1696422C2A69A3A6000EAE19 /* SF-Pro-Display-Regular.otf */ = {isa = PBXFileReference; lastKnownFileType = file; path = "SF-Pro-Display-Regular.otf"; sourceTree = "<group>"; };
		1696422D2A69A3A6000EAE19 /* SF-Pro-Display-Black.otf */ = {isa = PBXFileReference; lastKnownFileType = file; path = "SF-Pro-Display-Black.otf"; sourceTree = "<group>"; };
		1696422E2A69A3A6000EAE19 /* SF-Pro-Display-ThinItalic.otf */ = {isa = PBXFileReference; lastKnownFileType = file; path = "SF-Pro-Display-ThinItalic.otf"; sourceTree = "<group>"; };
		1696422F2A69A3A6000EAE19 /* SF-Pro-Display-SemiboldItalic.otf */ = {isa = PBXFileReference; lastKnownFileType = file; path = "SF-Pro-Display-SemiboldItalic.otf"; sourceTree = "<group>"; };
		169642302A69A3A6000EAE19 /* SF-Pro-Display-Heavy.otf */ = {isa = PBXFileReference; lastKnownFileType = file; path = "SF-Pro-Display-Heavy.otf"; sourceTree = "<group>"; };
		169642312A69A3A6000EAE19 /* SF-Pro-Display-BoldItalic.otf */ = {isa = PBXFileReference; lastKnownFileType = file; path = "SF-Pro-Display-BoldItalic.otf"; sourceTree = "<group>"; };
		16AF69EF2A68F08700A3C891 /* FoxVoyage.app */ = {isa = PBXFileReference; explicitFileType = wrapper.application; includeInIndex = 0; path = FoxVoyage.app; sourceTree = BUILT_PRODUCTS_DIR; };
		16AF69F22A68F08700A3C891 /* FoxVoyageApp.swift */ = {isa = PBXFileReference; lastKnownFileType = sourcecode.swift; path = FoxVoyageApp.swift; sourceTree = "<group>"; };
		16AF69F42A68F08700A3C891 /* ContentView.swift */ = {isa = PBXFileReference; lastKnownFileType = sourcecode.swift; path = ContentView.swift; sourceTree = "<group>"; };
		16AF69F62A68F08800A3C891 /* Assets.xcassets */ = {isa = PBXFileReference; lastKnownFileType = folder.assetcatalog; path = Assets.xcassets; sourceTree = "<group>"; };
		16AF69F92A68F08800A3C891 /* Preview Assets.xcassets */ = {isa = PBXFileReference; lastKnownFileType = folder.assetcatalog; path = "Preview Assets.xcassets"; sourceTree = "<group>"; };
		16AF6A002A68F09C00A3C891 /* .gitignore */ = {isa = PBXFileReference; lastKnownFileType = text; path = .gitignore; sourceTree = "<group>"; };
		16AF6A0A2A68F36A00A3C891 /* Empty.swift */ = {isa = PBXFileReference; lastKnownFileType = sourcecode.swift; path = Empty.swift; sourceTree = "<group>"; };
		16AF6A0C2A68F37300A3C891 /* Testtt.swift */ = {isa = PBXFileReference; lastKnownFileType = sourcecode.swift; path = Testtt.swift; sourceTree = "<group>"; };
		16AF6A0E2A68F37900A3C891 /* Test.swift */ = {isa = PBXFileReference; lastKnownFileType = sourcecode.swift; path = Test.swift; sourceTree = "<group>"; };
		16AF6A102A68F37F00A3C891 /* TestV.swift */ = {isa = PBXFileReference; lastKnownFileType = sourcecode.swift; path = TestV.swift; sourceTree = "<group>"; };
		16AF6A122A68F38400A3C891 /* Views.swift */ = {isa = PBXFileReference; lastKnownFileType = sourcecode.swift; path = Views.swift; sourceTree = "<group>"; };
		16AF6A142A68F39800A3C891 /* filefile.swift */ = {isa = PBXFileReference; lastKnownFileType = sourcecode.swift; path = filefile.swift; sourceTree = "<group>"; };
		16BC610A2A6D3B6C002C6859 /* WishlistView.swift */ = {isa = PBXFileReference; lastKnownFileType = sourcecode.swift; path = WishlistView.swift; sourceTree = "<group>"; };
		16BC61102A6D8455002C6859 /* PlaceModel.swift */ = {isa = PBXFileReference; lastKnownFileType = sourcecode.swift; path = PlaceModel.swift; sourceTree = "<group>"; };
		16E0BF5E2A6CE50400B7FBC8 /* MissiondetailView.swift */ = {isa = PBXFileReference; lastKnownFileType = sourcecode.swift; path = MissiondetailView.swift; sourceTree = "<group>"; };
		16E0BF602A6D014E00B7FBC8 /* EmptywishlistView.swift */ = {isa = PBXFileReference; lastKnownFileType = sourcecode.swift; path = EmptywishlistView.swift; sourceTree = "<group>"; };
		216051F82A6A2B6600301D1E /* LocationAccessView.swift */ = {isa = PBXFileReference; lastKnownFileType = sourcecode.swift; path = LocationAccessView.swift; sourceTree = "<group>"; };
		216051FA2A6B882200301D1E /* InformationNameView.swift */ = {isa = PBXFileReference; lastKnownFileType = sourcecode.swift; path = InformationNameView.swift; sourceTree = "<group>"; };
		216052002A6D514E00301D1E /* InformationLocationView.swift */ = {isa = PBXFileReference; lastKnownFileType = sourcecode.swift; path = InformationLocationView.swift; sourceTree = "<group>"; };
		21A1C00B2A68F91200561254 /* GalleryAccessView.swift */ = {isa = PBXFileReference; lastKnownFileType = sourcecode.swift; path = GalleryAccessView.swift; sourceTree = "<group>"; };
		21DCC53E2A68FAA6009B4A88 /* GalleryAccessView.swift */ = {isa = PBXFileReference; lastKnownFileType = sourcecode.swift; path = GalleryAccessView.swift; sourceTree = "<group>"; };
		723DB5962A6FB78A00E3C755 /* LocationManager.swift */ = {isa = PBXFileReference; lastKnownFileType = sourcecode.swift; path = LocationManager.swift; sourceTree = "<group>"; };
		723DB59A2A6FC95900E3C755 /* MapViewSelection.swift */ = {isa = PBXFileReference; lastKnownFileType = sourcecode.swift; path = MapViewSelection.swift; sourceTree = "<group>"; };
		723DB59C2A6FCCF400E3C755 /* SearchView.swift */ = {isa = PBXFileReference; lastKnownFileType = sourcecode.swift; path = SearchView.swift; sourceTree = "<group>"; };
		723DB59E2A70B4D600E3C755 /* MapViewHelper.swift */ = {isa = PBXFileReference; lastKnownFileType = sourcecode.swift; path = MapViewHelper.swift; sourceTree = "<group>"; };
		D7D888BF2A6D07F0004F984E /* MissionCards.swift */ = {isa = PBXFileReference; lastKnownFileType = sourcecode.swift; path = MissionCards.swift; sourceTree = "<group>"; };
		D7D888C12A6D150E004F984E /* HexColor.swift */ = {isa = PBXFileReference; lastKnownFileType = sourcecode.swift; path = HexColor.swift; sourceTree = "<group>"; };
/* End PBXFileReference section */

/* Begin PBXFrameworksBuildPhase section */
		16AF69EC2A68F08700A3C891 /* Frameworks */ = {
			isa = PBXFrameworksBuildPhase;
			buildActionMask = 2147483647;
			files = (
			);
			runOnlyForDeploymentPostprocessing = 0;
		};
/* End PBXFrameworksBuildPhase section */

/* Begin PBXGroup section */
		1696421F2A69A38E000EAE19 /* Fonts */ = {
			isa = PBXGroup;
			children = (
				1696422D2A69A3A6000EAE19 /* SF-Pro-Display-Black.otf */,
				169642242A69A3A5000EAE19 /* SF-Pro-Display-BlackItalic.otf */,
				169642282A69A3A6000EAE19 /* SF-Pro-Display-Bold.otf */,
				169642312A69A3A6000EAE19 /* SF-Pro-Display-BoldItalic.otf */,
				1685E4BB2A6A1D84008F5FE7 /* SF-Pro-Text-Black.otf */,
				1685E4C22A6A1D85008F5FE7 /* SF-Pro-Text-BlackItalic.otf */,
				1685E4C42A6A1D86008F5FE7 /* SF-Pro-Text-Bold.otf */,
				1685E4C72A6A1D86008F5FE7 /* SF-Pro-Text-BoldItalic.otf */,
				1685E4C62A6A1D86008F5FE7 /* SF-Pro-Text-Heavy.otf */,
				1685E4BE2A6A1D85008F5FE7 /* SF-Pro-Text-HeavyItalic.otf */,
				1685E4C52A6A1D86008F5FE7 /* SF-Pro-Text-Light.otf */,
				1685E4BF2A6A1D85008F5FE7 /* SF-Pro-Text-LightItalic.otf */,
				1685E4C82A6A1D86008F5FE7 /* SF-Pro-Text-Medium.otf */,
				1685E4C32A6A1D85008F5FE7 /* SF-Pro-Text-MediumItalic.otf */,
				1685E4C12A6A1D85008F5FE7 /* SF-Pro-Text-Regular.otf */,
				1685E4CB2A6A1D87008F5FE7 /* SF-Pro-Text-RegularItalic.otf */,
				1685E4C02A6A1D85008F5FE7 /* SF-Pro-Text-Semibold.otf */,
				1685E4C92A6A1D86008F5FE7 /* SF-Pro-Text-SemiboldItalic.otf */,
				1685E4BC2A6A1D84008F5FE7 /* SF-Pro-Text-Thin.otf */,
				1685E4BD2A6A1D85008F5FE7 /* SF-Pro-Text-ThinItalic.otf */,
				1685E4BA2A6A1D84008F5FE7 /* SF-Pro-Text-Ultralight.otf */,
				1685E4CA2A6A1D86008F5FE7 /* SF-Pro-Text-UltralightItalic.otf */,
				169642302A69A3A6000EAE19 /* SF-Pro-Display-Heavy.otf */,
				169642292A69A3A6000EAE19 /* SF-Pro-Display-HeavyItalic.otf */,
				169642262A69A3A5000EAE19 /* SF-Pro-Display-Light.otf */,
				1696422B2A69A3A6000EAE19 /* SF-Pro-Display-LightItalic.otf */,
				169642272A69A3A5000EAE19 /* SF-Pro-Display-Medium.otf */,
				169642252A69A3A5000EAE19 /* SF-Pro-Display-MediumItalic.otf */,
				1696422C2A69A3A6000EAE19 /* SF-Pro-Display-Regular.otf */,
				169642222A69A3A5000EAE19 /* SF-Pro-Display-RegularItalic.otf */,
				169642202A69A3A5000EAE19 /* SF-Pro-Display-Semibold.otf */,
				1696422F2A69A3A6000EAE19 /* SF-Pro-Display-SemiboldItalic.otf */,
				169642212A69A3A5000EAE19 /* SF-Pro-Display-Thin.otf */,
				1696422E2A69A3A6000EAE19 /* SF-Pro-Display-ThinItalic.otf */,
				169642232A69A3A5000EAE19 /* SF-Pro-Display-Ultralight.otf */,
				1696422A2A69A3A6000EAE19 /* SF-Pro-Display-UltralightItalic.otf */,
			);
			path = Fonts;
			sourceTree = "<group>";
		};
		16AF69E62A68F08700A3C891 = {
			isa = PBXGroup;
			children = (
				16AF6A002A68F09C00A3C891 /* .gitignore */,
				16AF69F12A68F08700A3C891 /* FoxVoyage */,
				16AF69F02A68F08700A3C891 /* Products */,
			);
			sourceTree = "<group>";
		};
		16AF69F02A68F08700A3C891 /* Products */ = {
			isa = PBXGroup;
			children = (
				16AF69EF2A68F08700A3C891 /* FoxVoyage.app */,
			);
			name = Products;
			sourceTree = "<group>";
		};
		16AF69F12A68F08700A3C891 /* FoxVoyage */ = {
			isa = PBXGroup;
			children = (
				1696421E2A69A386000EAE19 /* Info.plist */,
				1696421F2A69A38E000EAE19 /* Fonts */,
				16AF6A092A68F12000A3C891 /* App */,
				16AF6A082A68F11A00A3C891 /* Extensions */,
				16AF6A072A68F10600A3C891 /* Helpers */,
				16AF6A062A68F10100A3C891 /* Models */,
				16AF6A052A68F0ED00A3C891 /* Services */,
				16AF6A032A68F0E000A3C891 /* Views */,
				16AF6A022A68F0D400A3C891 /* ViewModels */,
				16AF69F62A68F08800A3C891 /* Assets.xcassets */,
				16AF69F82A68F08800A3C891 /* Preview Content */,
			);
			path = FoxVoyage;
			sourceTree = "<group>";
		};
		16AF69F82A68F08800A3C891 /* Preview Content */ = {
			isa = PBXGroup;
			children = (
				16AF69F92A68F08800A3C891 /* Preview Assets.xcassets */,
			);
			path = "Preview Content";
			sourceTree = "<group>";
		};
		16AF6A022A68F0D400A3C891 /* ViewModels */ = {
			isa = PBXGroup;
			children = (
				723DB59E2A70B4D600E3C755 /* MapViewHelper.swift */,
				16AF6A142A68F39800A3C891 /* filefile.swift */,
				21DCC53E2A68FAA6009B4A88 /* GalleryAccessView.swift */,
				723DB5962A6FB78A00E3C755 /* LocationManager.swift */,
			);
			path = ViewModels;
			sourceTree = "<group>";
		};
		16AF6A032A68F0E000A3C891 /* Views */ = {
			isa = PBXGroup;
			children = (
				16AF6A122A68F38400A3C891 /* Views.swift */,
				21A1C00B2A68F91200561254 /* GalleryAccessView.swift */,
				216051F82A6A2B6600301D1E /* LocationAccessView.swift */,
				216051FA2A6B882200301D1E /* InformationNameView.swift */,
				216052002A6D514E00301D1E /* InformationLocationView.swift */,
				723DB59C2A6FCCF400E3C755 /* SearchView.swift */,
				723DB59A2A6FC95900E3C755 /* MapViewSelection.swift */,
				166A06EE2A6A2690004D6E4B /* PlacedetailView.swift */,
				16E0BF5E2A6CE50400B7FBC8 /* MissiondetailView.swift */,
				1696421C2A69A1C9000EAE19 /* MainView.swift */,
				1685E4B82A6A18EA008F5FE7 /* ExploreView.swift */,
				D7D888BF2A6D07F0004F984E /* MissionCards.swift */,
				16E0BF602A6D014E00B7FBC8 /* EmptywishlistView.swift */,
				16BC610A2A6D3B6C002C6859 /* WishlistView.swift */,
			);
			path = Views;
			sourceTree = "<group>";
		};
		16AF6A052A68F0ED00A3C891 /* Services */ = {
			isa = PBXGroup;
			children = (
				16AF6A102A68F37F00A3C891 /* TestV.swift */,
			);
			path = Services;
			sourceTree = "<group>";
		};
		16AF6A062A68F10100A3C891 /* Models */ = {
			isa = PBXGroup;
			children = (
				16AF6A0E2A68F37900A3C891 /* Test.swift */,
				16BC61102A6D8455002C6859 /* PlaceModel.swift */,
			);
			path = Models;
			sourceTree = "<group>";
		};
		16AF6A072A68F10600A3C891 /* Helpers */ = {
			isa = PBXGroup;
			children = (
				16AF6A0C2A68F37300A3C891 /* Testtt.swift */,
			);
			path = Helpers;
			sourceTree = "<group>";
		};
		16AF6A082A68F11A00A3C891 /* Extensions */ = {
			isa = PBXGroup;
			children = (
				16AF6A0A2A68F36A00A3C891 /* Empty.swift */,
				D7D888C12A6D150E004F984E /* HexColor.swift */,
			);
			path = Extensions;
			sourceTree = "<group>";
		};
		16AF6A092A68F12000A3C891 /* App */ = {
			isa = PBXGroup;
			children = (
				16AF69F22A68F08700A3C891 /* FoxVoyageApp.swift */,
				16AF69F42A68F08700A3C891 /* ContentView.swift */,
			);
			path = App;
			sourceTree = "<group>";
		};
/* End PBXGroup section */

/* Begin PBXNativeTarget section */
		16AF69EE2A68F08700A3C891 /* FoxVoyage */ = {
			isa = PBXNativeTarget;
			buildConfigurationList = 16AF69FD2A68F08800A3C891 /* Build configuration list for PBXNativeTarget "FoxVoyage" */;
			buildPhases = (
				16AF69EB2A68F08700A3C891 /* Sources */,
				16AF69EC2A68F08700A3C891 /* Frameworks */,
				16AF69ED2A68F08700A3C891 /* Resources */,
			);
			buildRules = (
			);
			dependencies = (
			);
			name = FoxVoyage;
			productName = FoxVoyage;
			productReference = 16AF69EF2A68F08700A3C891 /* FoxVoyage.app */;
			productType = "com.apple.product-type.application";
		};
/* End PBXNativeTarget section */

/* Begin PBXProject section */
		16AF69E72A68F08700A3C891 /* Project object */ = {
			isa = PBXProject;
			attributes = {
				BuildIndependentTargetsInParallel = 1;
				LastSwiftUpdateCheck = 1430;
				LastUpgradeCheck = 1430;
				TargetAttributes = {
					16AF69EE2A68F08700A3C891 = {
						CreatedOnToolsVersion = 14.3;
					};
				};
			};
			buildConfigurationList = 16AF69EA2A68F08700A3C891 /* Build configuration list for PBXProject "FoxVoyage" */;
			compatibilityVersion = "Xcode 14.0";
			developmentRegion = en;
			hasScannedForEncodings = 0;
			knownRegions = (
				en,
				Base,
			);
			mainGroup = 16AF69E62A68F08700A3C891;
			productRefGroup = 16AF69F02A68F08700A3C891 /* Products */;
			projectDirPath = "";
			projectRoot = "";
			targets = (
				16AF69EE2A68F08700A3C891 /* FoxVoyage */,
			);
		};
/* End PBXProject section */

/* Begin PBXResourcesBuildPhase section */
		16AF69ED2A68F08700A3C891 /* Resources */ = {
			isa = PBXResourcesBuildPhase;
			buildActionMask = 2147483647;
			files = (
				169642332A69A3A6000EAE19 /* SF-Pro-Display-Thin.otf in Resources */,
				169642322A69A3A6000EAE19 /* SF-Pro-Display-Semibold.otf in Resources */,
				1685E4D62A6A1D87008F5FE7 /* SF-Pro-Text-Bold.otf in Resources */,
				1696423D2A69A3A6000EAE19 /* SF-Pro-Display-LightItalic.otf in Resources */,
				1696423B2A69A3A6000EAE19 /* SF-Pro-Display-HeavyItalic.otf in Resources */,
				169642402A69A3A6000EAE19 /* SF-Pro-Display-ThinItalic.otf in Resources */,
				1696423A2A69A3A6000EAE19 /* SF-Pro-Display-Bold.otf in Resources */,
				169642412A69A3A6000EAE19 /* SF-Pro-Display-SemiboldItalic.otf in Resources */,
				1685E4DA2A6A1D87008F5FE7 /* SF-Pro-Text-Medium.otf in Resources */,
				1685E4D92A6A1D87008F5FE7 /* SF-Pro-Text-BoldItalic.otf in Resources */,
				1685E4DB2A6A1D87008F5FE7 /* SF-Pro-Text-SemiboldItalic.otf in Resources */,
				1685E4D52A6A1D87008F5FE7 /* SF-Pro-Text-MediumItalic.otf in Resources */,
				1685E4D02A6A1D87008F5FE7 /* SF-Pro-Text-HeavyItalic.otf in Resources */,
				169642352A69A3A6000EAE19 /* SF-Pro-Display-Ultralight.otf in Resources */,
				1685E4D82A6A1D87008F5FE7 /* SF-Pro-Text-Heavy.otf in Resources */,
				1685E4D72A6A1D87008F5FE7 /* SF-Pro-Text-Light.otf in Resources */,
				1685E4D42A6A1D87008F5FE7 /* SF-Pro-Text-BlackItalic.otf in Resources */,
				169642342A69A3A6000EAE19 /* SF-Pro-Display-RegularItalic.otf in Resources */,
				1685E4D12A6A1D87008F5FE7 /* SF-Pro-Text-LightItalic.otf in Resources */,
				169642432A69A3A6000EAE19 /* SF-Pro-Display-BoldItalic.otf in Resources */,
				169642372A69A3A6000EAE19 /* SF-Pro-Display-MediumItalic.otf in Resources */,
				1685E4CD2A6A1D87008F5FE7 /* SF-Pro-Text-Black.otf in Resources */,
				1696423C2A69A3A6000EAE19 /* SF-Pro-Display-UltralightItalic.otf in Resources */,
				1685E4D32A6A1D87008F5FE7 /* SF-Pro-Text-Regular.otf in Resources */,
				1685E4DC2A6A1D87008F5FE7 /* SF-Pro-Text-UltralightItalic.otf in Resources */,
				169642422A69A3A6000EAE19 /* SF-Pro-Display-Heavy.otf in Resources */,
				16AF69FA2A68F08800A3C891 /* Preview Assets.xcassets in Resources */,
				1696423E2A69A3A6000EAE19 /* SF-Pro-Display-Regular.otf in Resources */,
				1685E4DD2A6A1D87008F5FE7 /* SF-Pro-Text-RegularItalic.otf in Resources */,
				169642392A69A3A6000EAE19 /* SF-Pro-Display-Medium.otf in Resources */,
				169642382A69A3A6000EAE19 /* SF-Pro-Display-Light.otf in Resources */,
				1685E4D22A6A1D87008F5FE7 /* SF-Pro-Text-Semibold.otf in Resources */,
				1685E4CC2A6A1D87008F5FE7 /* SF-Pro-Text-Ultralight.otf in Resources */,
				16AF6A012A68F09C00A3C891 /* .gitignore in Resources */,
				1685E4CE2A6A1D87008F5FE7 /* SF-Pro-Text-Thin.otf in Resources */,
				16AF69F72A68F08800A3C891 /* Assets.xcassets in Resources */,
				1696423F2A69A3A6000EAE19 /* SF-Pro-Display-Black.otf in Resources */,
				169642362A69A3A6000EAE19 /* SF-Pro-Display-BlackItalic.otf in Resources */,
				1685E4CF2A6A1D87008F5FE7 /* SF-Pro-Text-ThinItalic.otf in Resources */,
			);
			runOnlyForDeploymentPostprocessing = 0;
		};
/* End PBXResourcesBuildPhase section */

/* Begin PBXSourcesBuildPhase section */
		16AF69EB2A68F08700A3C891 /* Sources */ = {
			isa = PBXSourcesBuildPhase;
			buildActionMask = 2147483647;
			files = (
				D7D888C02A6D07F0004F984E /* MissionCards.swift in Sources */,
				16AF69F52A68F08700A3C891 /* ContentView.swift in Sources */,
				16BC610B2A6D3B6C002C6859 /* WishlistView.swift in Sources */,
				1696421D2A69A1C9000EAE19 /* MainView.swift in Sources */,
				723DB59D2A6FCCF400E3C755 /* SearchView.swift in Sources */,
				216051FB2A6B882200301D1E /* InformationNameView.swift in Sources */,
				16AF6A152A68F39800A3C891 /* filefile.swift in Sources */,
				16E0BF612A6D014E00B7FBC8 /* EmptywishlistView.swift in Sources */,
				16AF6A0D2A68F37300A3C891 /* Testtt.swift in Sources */,
				1685E4B92A6A18EA008F5FE7 /* ExploreView.swift in Sources */,
				21A1C00C2A68F91200561254 /* GalleryAccessView.swift in Sources */,
				216051F92A6A2B6600301D1E /* LocationAccessView.swift in Sources */,
				216052012A6D514E00301D1E /* InformationLocationView.swift in Sources */,
				16BC61112A6D8455002C6859 /* PlaceModel.swift in Sources */,
				16AF6A112A68F37F00A3C891 /* TestV.swift in Sources */,
				723DB59F2A70B4D600E3C755 /* MapViewHelper.swift in Sources */,
				723DB5972A6FB78A00E3C755 /* LocationManager.swift in Sources */,
				16AF6A132A68F38400A3C891 /* Views.swift in Sources */,
				16AF6A0F2A68F37900A3C891 /* Test.swift in Sources */,
				16AF69F32A68F08700A3C891 /* FoxVoyageApp.swift in Sources */,
				D7D888C22A6D150E004F984E /* HexColor.swift in Sources */,
				723DB59B2A6FC95900E3C755 /* MapViewSelection.swift in Sources */,
				16AF6A0B2A68F36A00A3C891 /* Empty.swift in Sources */,
				16E0BF5F2A6CE50400B7FBC8 /* MissiondetailView.swift in Sources */,
				166A06EF2A6A2690004D6E4B /* PlacedetailView.swift in Sources */,
			);
			runOnlyForDeploymentPostprocessing = 0;
		};
/* End PBXSourcesBuildPhase section */

/* Begin XCBuildConfiguration section */
		16AF69FB2A68F08800A3C891 /* Debug */ = {
			isa = XCBuildConfiguration;
			buildSettings = {
				ALWAYS_SEARCH_USER_PATHS = NO;
				CLANG_ANALYZER_NONNULL = YES;
				CLANG_ANALYZER_NUMBER_OBJECT_CONVERSION = YES_AGGRESSIVE;
				CLANG_CXX_LANGUAGE_STANDARD = "gnu++20";
				CLANG_ENABLE_MODULES = YES;
				CLANG_ENABLE_OBJC_ARC = YES;
				CLANG_ENABLE_OBJC_WEAK = YES;
				CLANG_WARN_BLOCK_CAPTURE_AUTORELEASING = YES;
				CLANG_WARN_BOOL_CONVERSION = YES;
				CLANG_WARN_COMMA = YES;
				CLANG_WARN_CONSTANT_CONVERSION = YES;
				CLANG_WARN_DEPRECATED_OBJC_IMPLEMENTATIONS = YES;
				CLANG_WARN_DIRECT_OBJC_ISA_USAGE = YES_ERROR;
				CLANG_WARN_DOCUMENTATION_COMMENTS = YES;
				CLANG_WARN_EMPTY_BODY = YES;
				CLANG_WARN_ENUM_CONVERSION = YES;
				CLANG_WARN_INFINITE_RECURSION = YES;
				CLANG_WARN_INT_CONVERSION = YES;
				CLANG_WARN_NON_LITERAL_NULL_CONVERSION = YES;
				CLANG_WARN_OBJC_IMPLICIT_RETAIN_SELF = YES;
				CLANG_WARN_OBJC_LITERAL_CONVERSION = YES;
				CLANG_WARN_OBJC_ROOT_CLASS = YES_ERROR;
				CLANG_WARN_QUOTED_INCLUDE_IN_FRAMEWORK_HEADER = YES;
				CLANG_WARN_RANGE_LOOP_ANALYSIS = YES;
				CLANG_WARN_STRICT_PROTOTYPES = YES;
				CLANG_WARN_SUSPICIOUS_MOVE = YES;
				CLANG_WARN_UNGUARDED_AVAILABILITY = YES_AGGRESSIVE;
				CLANG_WARN_UNREACHABLE_CODE = YES;
				CLANG_WARN__DUPLICATE_METHOD_MATCH = YES;
				COPY_PHASE_STRIP = NO;
				DEBUG_INFORMATION_FORMAT = dwarf;
				ENABLE_STRICT_OBJC_MSGSEND = YES;
				ENABLE_TESTABILITY = YES;
				GCC_C_LANGUAGE_STANDARD = gnu11;
				GCC_DYNAMIC_NO_PIC = NO;
				GCC_NO_COMMON_BLOCKS = YES;
				GCC_OPTIMIZATION_LEVEL = 0;
				GCC_PREPROCESSOR_DEFINITIONS = (
					"DEBUG=1",
					"$(inherited)",
				);
				GCC_WARN_64_TO_32_BIT_CONVERSION = YES;
				GCC_WARN_ABOUT_RETURN_TYPE = YES_ERROR;
				GCC_WARN_UNDECLARED_SELECTOR = YES;
				GCC_WARN_UNINITIALIZED_AUTOS = YES_AGGRESSIVE;
				GCC_WARN_UNUSED_FUNCTION = YES;
				GCC_WARN_UNUSED_VARIABLE = YES;
				IPHONEOS_DEPLOYMENT_TARGET = 16.4;
				MTL_ENABLE_DEBUG_INFO = INCLUDE_SOURCE;
				MTL_FAST_MATH = YES;
				ONLY_ACTIVE_ARCH = YES;
				SDKROOT = iphoneos;
				SWIFT_ACTIVE_COMPILATION_CONDITIONS = DEBUG;
				SWIFT_OPTIMIZATION_LEVEL = "-Onone";
			};
			name = Debug;
		};
		16AF69FC2A68F08800A3C891 /* Release */ = {
			isa = XCBuildConfiguration;
			buildSettings = {
				ALWAYS_SEARCH_USER_PATHS = NO;
				CLANG_ANALYZER_NONNULL = YES;
				CLANG_ANALYZER_NUMBER_OBJECT_CONVERSION = YES_AGGRESSIVE;
				CLANG_CXX_LANGUAGE_STANDARD = "gnu++20";
				CLANG_ENABLE_MODULES = YES;
				CLANG_ENABLE_OBJC_ARC = YES;
				CLANG_ENABLE_OBJC_WEAK = YES;
				CLANG_WARN_BLOCK_CAPTURE_AUTORELEASING = YES;
				CLANG_WARN_BOOL_CONVERSION = YES;
				CLANG_WARN_COMMA = YES;
				CLANG_WARN_CONSTANT_CONVERSION = YES;
				CLANG_WARN_DEPRECATED_OBJC_IMPLEMENTATIONS = YES;
				CLANG_WARN_DIRECT_OBJC_ISA_USAGE = YES_ERROR;
				CLANG_WARN_DOCUMENTATION_COMMENTS = YES;
				CLANG_WARN_EMPTY_BODY = YES;
				CLANG_WARN_ENUM_CONVERSION = YES;
				CLANG_WARN_INFINITE_RECURSION = YES;
				CLANG_WARN_INT_CONVERSION = YES;
				CLANG_WARN_NON_LITERAL_NULL_CONVERSION = YES;
				CLANG_WARN_OBJC_IMPLICIT_RETAIN_SELF = YES;
				CLANG_WARN_OBJC_LITERAL_CONVERSION = YES;
				CLANG_WARN_OBJC_ROOT_CLASS = YES_ERROR;
				CLANG_WARN_QUOTED_INCLUDE_IN_FRAMEWORK_HEADER = YES;
				CLANG_WARN_RANGE_LOOP_ANALYSIS = YES;
				CLANG_WARN_STRICT_PROTOTYPES = YES;
				CLANG_WARN_SUSPICIOUS_MOVE = YES;
				CLANG_WARN_UNGUARDED_AVAILABILITY = YES_AGGRESSIVE;
				CLANG_WARN_UNREACHABLE_CODE = YES;
				CLANG_WARN__DUPLICATE_METHOD_MATCH = YES;
				COPY_PHASE_STRIP = NO;
				DEBUG_INFORMATION_FORMAT = "dwarf-with-dsym";
				ENABLE_NS_ASSERTIONS = NO;
				ENABLE_STRICT_OBJC_MSGSEND = YES;
				GCC_C_LANGUAGE_STANDARD = gnu11;
				GCC_NO_COMMON_BLOCKS = YES;
				GCC_WARN_64_TO_32_BIT_CONVERSION = YES;
				GCC_WARN_ABOUT_RETURN_TYPE = YES_ERROR;
				GCC_WARN_UNDECLARED_SELECTOR = YES;
				GCC_WARN_UNINITIALIZED_AUTOS = YES_AGGRESSIVE;
				GCC_WARN_UNUSED_FUNCTION = YES;
				GCC_WARN_UNUSED_VARIABLE = YES;
				IPHONEOS_DEPLOYMENT_TARGET = 16.4;
				MTL_ENABLE_DEBUG_INFO = NO;
				MTL_FAST_MATH = YES;
				SDKROOT = iphoneos;
				SWIFT_COMPILATION_MODE = wholemodule;
				SWIFT_OPTIMIZATION_LEVEL = "-O";
				VALIDATE_PRODUCT = YES;
			};
			name = Release;
		};
		16AF69FE2A68F08800A3C891 /* Debug */ = {
			isa = XCBuildConfiguration;
			buildSettings = {
				ASSETCATALOG_COMPILER_APPICON_NAME = AppIcon;
				ASSETCATALOG_COMPILER_GLOBAL_ACCENT_COLOR_NAME = AccentColor;
				CODE_SIGN_STYLE = Automatic;
				CURRENT_PROJECT_VERSION = 1;
				DEVELOPMENT_ASSET_PATHS = "\"FoxVoyage/Preview Content\"";
				DEVELOPMENT_TEAM = 73C269Z63M;
				ENABLE_PREVIEWS = YES;
				GENERATE_INFOPLIST_FILE = YES;
				INFOPLIST_FILE = FoxVoyage/Info.plist;
				INFOPLIST_KEY_NSLocationWhenInUseUsageDescription = "This app requires to always access your device location to notify when the user enters and/or exits a geofence.";
				INFOPLIST_KEY_UIApplicationSceneManifest_Generation = YES;
				INFOPLIST_KEY_UIApplicationSupportsIndirectInputEvents = YES;
				INFOPLIST_KEY_UILaunchScreen_Generation = YES;
				INFOPLIST_KEY_UISupportedInterfaceOrientations_iPad = "UIInterfaceOrientationPortrait UIInterfaceOrientationPortraitUpsideDown UIInterfaceOrientationLandscapeLeft UIInterfaceOrientationLandscapeRight";
				INFOPLIST_KEY_UISupportedInterfaceOrientations_iPhone = "UIInterfaceOrientationPortrait UIInterfaceOrientationLandscapeLeft UIInterfaceOrientationLandscapeRight";
				LD_RUNPATH_SEARCH_PATHS = (
					"$(inherited)",
					"@executable_path/Frameworks",
				);
				MARKETING_VERSION = 1.0;
				PRODUCT_BUNDLE_IDENTIFIER = com.alita.FoxVoyage;
				PRODUCT_NAME = "$(TARGET_NAME)";
				SWIFT_EMIT_LOC_STRINGS = YES;
				SWIFT_VERSION = 5.0;
				TARGETED_DEVICE_FAMILY = "1,2";
			};
			name = Debug;
		};
		16AF69FF2A68F08800A3C891 /* Release */ = {
			isa = XCBuildConfiguration;
			buildSettings = {
				ASSETCATALOG_COMPILER_APPICON_NAME = AppIcon;
				ASSETCATALOG_COMPILER_GLOBAL_ACCENT_COLOR_NAME = AccentColor;
				CODE_SIGN_STYLE = Automatic;
				CURRENT_PROJECT_VERSION = 1;
				DEVELOPMENT_ASSET_PATHS = "\"FoxVoyage/Preview Content\"";
				DEVELOPMENT_TEAM = 73C269Z63M;
				ENABLE_PREVIEWS = YES;
				GENERATE_INFOPLIST_FILE = YES;
				INFOPLIST_FILE = FoxVoyage/Info.plist;
				INFOPLIST_KEY_NSLocationWhenInUseUsageDescription = "This app requires to always access your device location to notify when the user enters and/or exits a geofence.";
				INFOPLIST_KEY_UIApplicationSceneManifest_Generation = YES;
				INFOPLIST_KEY_UIApplicationSupportsIndirectInputEvents = YES;
				INFOPLIST_KEY_UILaunchScreen_Generation = YES;
				INFOPLIST_KEY_UISupportedInterfaceOrientations_iPad = "UIInterfaceOrientationPortrait UIInterfaceOrientationPortraitUpsideDown UIInterfaceOrientationLandscapeLeft UIInterfaceOrientationLandscapeRight";
				INFOPLIST_KEY_UISupportedInterfaceOrientations_iPhone = "UIInterfaceOrientationPortrait UIInterfaceOrientationLandscapeLeft UIInterfaceOrientationLandscapeRight";
				LD_RUNPATH_SEARCH_PATHS = (
					"$(inherited)",
					"@executable_path/Frameworks",
				);
				MARKETING_VERSION = 1.0;
				PRODUCT_BUNDLE_IDENTIFIER = com.alita.FoxVoyage;
				PRODUCT_NAME = "$(TARGET_NAME)";
				SWIFT_EMIT_LOC_STRINGS = YES;
				SWIFT_VERSION = 5.0;
				TARGETED_DEVICE_FAMILY = "1,2";
			};
			name = Release;
		};
/* End XCBuildConfiguration section */

/* Begin XCConfigurationList section */
		16AF69EA2A68F08700A3C891 /* Build configuration list for PBXProject "FoxVoyage" */ = {
			isa = XCConfigurationList;
			buildConfigurations = (
				16AF69FB2A68F08800A3C891 /* Debug */,
				16AF69FC2A68F08800A3C891 /* Release */,
			);
			defaultConfigurationIsVisible = 0;
			defaultConfigurationName = Release;
		};
		16AF69FD2A68F08800A3C891 /* Build configuration list for PBXNativeTarget "FoxVoyage" */ = {
			isa = XCConfigurationList;
			buildConfigurations = (
				16AF69FE2A68F08800A3C891 /* Debug */,
				16AF69FF2A68F08800A3C891 /* Release */,
			);
			defaultConfigurationIsVisible = 0;
			defaultConfigurationName = Release;
		};
/* End XCConfigurationList section */
	};
	rootObject = 16AF69E72A68F08700A3C891 /* Project object */;
}
